PODS:
  - RxSwift (5.0.1)
  - RxTimer (1.4):
    - RxSwift (~> 5.x)

DEPENDENCIES:
  - RxSwift (~> 5.x)
  - RxTimer (from `.`)

SPEC REPOS:
  trunk:
    - RxSwift

EXTERNAL SOURCES:
  RxTimer:
    :path: "."

SPEC CHECKSUMS:
  RxSwift: e2dc62b366a3adf6a0be44ba9f405efd4c94e0c4
  RxTimer: 190502c953258955b2dc182b2a57f1c3e8cca705

PODFILE CHECKSUM: 401f27c8265eefbe50e8e5ded79788b4104c0460

COCOAPODS: 1.8.4
